
Microsoft Visual Studio Solution File, Format Version 12.00
# Visual Studio 15
VisualStudioVersion = 15.0.28010.2036
MinimumVisualStudioVersion = 10.0.40219.1
Project("{8BC9CEB8-8B4A-11D0-8D11-00A0C91BC942}") = "CTDL_DoAn", "CTDL_DoAn\CTDL_DoAn.vcxproj", "{052AFD61-163A-446A-91FA-4E23D9DA32E6}"
EndProject
Global
	GlobalSection(SolutionConfigurationPlatforms) = preSolution
		Debug|x64 = Debug|x64
		Debug|x86 = Debug|x86
		Release|x64 = Release|x64
		Release|x86 = Release|x86
	EndGlobalSection
	GlobalSection(ProjectConfigurationPlatforms) = postSolution
		{052AFD61-163A-446A-91FA-4E23D9DA32E6}.Debug|x64.ActiveCfg = Debug|x64
		{052AFD61-163A-446A-91FA-4E23D9DA32E6}.Debug|x64.Build.0 = Debug|x64
		{052AFD61-163A-446A-91FA-4E23D9DA32E6}.Debug|x86.ActiveCfg = Debug|Win32
		{052AFD61-163A-446A-91FA-4E23D9DA32E6}.Debug|x86.Build.0 = Debug|Win32
		{052AFD61-163A-446A-91FA-4E23D9DA32E6}.Release|x64.ActiveCfg = Release|x64
		{052AFD61-163A-446A-91FA-4E23D9DA32E6}.Release|x64.Build.0 = Release|x64
		{052AFD61-163A-446A-91FA-4E23D9DA32E6}.Release|x86.ActiveCfg = Release|Win32
		{052AFD61-163A-446A-91FA-4E23D9DA32E6}.Release|x86.Build.0 = Release|Win32
	EndGlobalSection
	GlobalSection(SolutionProperties) = preSolution
		HideSolutionNode = FALSE
	EndGlobalSection
	GlobalSection(ExtensibilityGlobals) = postSolution
		SolutionGuid = {894A64B4-463B-4A68-BABA-9BEAE40D4674}
	EndGlobalSection
EndGlobal
